
Microsoft Visual Studio Solution File, Format Version 12.00
# Visual Studio Version 16
VisualStudioVersion = 16.0.30804.86
MinimumVisualStudioVersion = 10.0.40219.1
Project("{9A19103F-16F7-4668-BE54-9A1E7A4F7556}") = "AsposeComparator", "AsposeComparator\AsposeComparator.csproj", "{632B3815-10A7-4B51-8BCF-51AC148D7E02}"
EndProject
Project("{2150E333-8FDC-42A3-9474-1A3956D46DE8}") = "Solution Items", "Solution Items", "{58B98334-8DF1-486B-9DFE-B9AA8F509C95}"
	ProjectSection(SolutionItems) = preProject
		.gitignore = .gitignore
		README.md = README.md
	EndProjectSection
EndProject
Project("{9A19103F-16F7-4668-BE54-9A1E7A4F7556}") = "AsposeComparatorTests", "AsposeComparetorTests\AsposeComparatorTests.csproj", "{95366548-3788-4840-BF6A-58CB2E96D19E}"
EndProject
Global
	GlobalSection(SolutionConfigurationPlatforms) = preSolution
		Debug|Any CPU = Debug|Any CPU
		Release|Any CPU = Release|Any CPU
	EndGlobalSection
	GlobalSection(ProjectConfigurationPlatforms) = postSolution
		{632B3815-10A7-4B51-8BCF-51AC148D7E02}.Debug|Any CPU.ActiveCfg = Debug|Any CPU
		{632B3815-10A7-4B51-8BCF-51AC148D7E02}.Debug|Any CPU.Build.0 = Debug|Any CPU
		{632B3815-10A7-4B51-8BCF-51AC148D7E02}.Release|Any CPU.ActiveCfg = Release|Any CPU
		{632B3815-10A7-4B51-8BCF-51AC148D7E02}.Release|Any CPU.Build.0 = Release|Any CPU
		{95366548-3788-4840-BF6A-58CB2E96D19E}.Debug|Any CPU.ActiveCfg = Debug|Any CPU
		{95366548-3788-4840-BF6A-58CB2E96D19E}.Debug|Any CPU.Build.0 = Debug|Any CPU
		{95366548-3788-4840-BF6A-58CB2E96D19E}.Release|Any CPU.ActiveCfg = Release|Any CPU
		{95366548-3788-4840-BF6A-58CB2E96D19E}.Release|Any CPU.Build.0 = Release|Any CPU
	EndGlobalSection
	GlobalSection(SolutionProperties) = preSolution
		HideSolutionNode = FALSE
	EndGlobalSection
	GlobalSection(ExtensibilityGlobals) = postSolution
		SolutionGuid = {805EF053-2E2A-41FE-B257-760AC394EB32}
	EndGlobalSection
EndGlobal
